# THIS IS AN AUTOGENERATED FILE. DO NOT EDIT THIS FILE DIRECTLY.
# yarn lockfile v1


"@hyperapp/html@^1.1.1":
  version "1.1.1"
  resolved "https://registry.yarnpkg.com/@hyperapp/html/-/html-1.1.1.tgz#8040666e8f935eed95f2034f443cc8768866d992"
  integrity sha512-jRlz/ED0y/pAseqAwKlJxdy78Lf7AEeykOGeYxnGE1TY0tF4SgVW53Sh72QJoGWZmrgtcHN6wKPZAmEenDCsgQ==

hyperapp@^2.0.0-beta.25:
  version "2.0.0-beta.25"
  resolved "https://registry.yarnpkg.com/hyperapp/-/hyperapp-2.0.0-beta.25.tgz#eaefee435ac2689a0331dada51dab5979a75c6c1"
  integrity sha512-iXTi6Bnw/RL358Vsx6tKp9fnxzxSwpjZvKwBCi5K6DX55PA+JY6jiSBqOcpEgoBVQDfG3NaAOx7HCEyQ38B6yg==
